
Microsoft Visual Studio Solution File, Format Version 12.00
# Visual Studio 15
VisualStudioVersion = 15.0.27130.2036
MinimumVisualStudioVersion = 10.0.40219.1
Project("{FAE04EC0-301F-11D3-BF4B-00C04F79EFBC}") = "LoginMVC", "LoginMVC\LoginMVC.csproj", "{DCE193DB-2925-4E33-8323-8DE7B18D480C}"
EndProject
Global
	GlobalSection(SolutionConfigurationPlatforms) = preSolution
		Debug|Any CPU = Debug|Any CPU
		Release|Any CPU = Release|Any CPU
	EndGlobalSection
	GlobalSection(ProjectConfigurationPlatforms) = postSolution
		{DCE193DB-2925-4E33-8323-8DE7B18D480C}.Debug|Any CPU.ActiveCfg = Debug|Any CPU
		{DCE193DB-2925-4E33-8323-8DE7B18D480C}.Debug|Any CPU.Build.0 = Debug|Any CPU
		{DCE193DB-2925-4E33-8323-8DE7B18D480C}.Release|Any CPU.ActiveCfg = Release|Any CPU
		{DCE193DB-2925-4E33-8323-8DE7B18D480C}.Release|Any CPU.Build.0 = Release|Any CPU
	EndGlobalSection
	GlobalSection(SolutionProperties) = preSolution
		HideSolutionNode = FALSE
	EndGlobalSection
	GlobalSection(ExtensibilityGlobals) = postSolution
		SolutionGuid = {E9A2A462-EA00-42D2-887D-76B3A7B67D18}
	EndGlobalSection
EndGlobal
